<?xml version="1.0" encoding="utf-8"?>
<Project ToolsVersion="4.0" xmlns="http://schemas.microsoft.com/developer/msbuild/2003">
  <ItemGroup>
    <Filter Include="Source Files">
      <UniqueIdentifier>{4FC737F1-C7A5-4376-A066-2A32D752A2FF}</UniqueIdentifier>
      <Extensions>cpp;c;cc;cxx;def;odl;idl;hpj;bat;asm;asmx</Extensions>
    </Filter>
    <Filter Include="Header Files">
      <UniqueIdentifier>{93995380-89BD-4b04-88EB-625FBE52EBFB}</UniqueIdentifier>
      <Extensions>h;hh;hpp;hxx;hm;inl;inc;xsd</Extensions>
    </Filter>
    <Filter Include="Resource Files">
      <UniqueIdentifier>{67DA6AB6-F800-4c08-8B7A-83BB121AAD01}</UniqueIdentifier>
      <Extensions>rc;ico;cur;bmp;dlg;rc2;rct;bin;rgs;gif;jpg;jpeg;jpe;resx;tiff;tif;png;wav;mfcribbon-ms</Extensions>
    </Filter>
  </ItemGroup>
  <ItemGroup>
    <ClCompile Include="main.cpp">
      <Filter>Source Files</Filter>
    </ClCompile>
    <ClCompile Include="Graphics\window.cpp">
      <Filter>Source Files</Filter>
    </ClCompile>
    <ClCompile Include="Shaders\shader.cpp">
      <Filter>Source Files</Filter>
    </ClCompile>
    <ClCompile Include="Camera\camera.cpp">
      <Filter>Source Files</Filter>
    </ClCompile>
    <ClCompile Include="Model Loading\mesh.cpp">
      <Filter>Source Files</Filter>
    </ClCompile>
    <ClCompile Include="Model Loading\texture.cpp">
      <Filter>Source Files</Filter>
    </ClCompile>
    <ClCompile Include="Model Loading\meshLoaderObj.cpp">
      <Filter>Source Files</Filter>
    </ClCompile>
  </ItemGroup>
  <ItemGroup>
    <ClInclude Include="Graphics\window.h">
      <Filter>Header Files</Filter>
    </ClInclude>
    <ClInclude Include="Shaders\shader.h">
      <Filter>Header Files</Filter>
    </ClInclude>
    <ClInclude Include="Camera\camera.h">
      <Filter>Header Files</Filter>
    </ClInclude>
    <ClInclude Include="Model Loading\mesh.h">
      <Filter>Header Files</Filter>
    </ClInclude>
    <ClInclude Include="Model Loading\texture.h">
      <Filter>Header Files</Filter>
    </ClInclude>
    <ClInclude Include="Model Loading\meshLoaderObj.h">
      <Filter>Header Files</Filter>
    </ClInclude>
    <ClInclude Include="Model Loading\stringTokenizer.h">
      <Filter>Header Files</Filter>
    </ClInclude>
  </ItemGroup>
  <ItemGroup>
    <None Include="Shaders\vertex_shader.glsl" />
    <None Include="Shaders\fragment_shader.glsl" />
    <None Include="Shaders\sun_fragment_shader.glsl" />
    <None Include="Shaders\sun_vertex_shader.glsl" />
    <None Include="Shaders\waves_fragment_shader.glsl" />
    <None Include="Shaders\waves_vertex_shader.glsl" />
  </ItemGroup>
  <ItemGroup>
    <Image Include="Resources\Textures\wood.bmp">
      <Filter>Resource Files</Filter>
    </Image>
    <Image Include="Resources\Textures\rock.bmp">
      <Filter>Resource Files</Filter>
    </Image>
    <Image Include="Resources\Textures\sand.jpg">
      <Filter>Resource Files</Filter>
    </Image>
  </ItemGroup>
  <ItemGroup>
    <Object Include="Resources\Models\sphere.obj" />
  </ItemGroup>
</Project>